
Microsoft Visual Studio Solution File, Format Version 12.00
# Visual Studio Version 16
VisualStudioVersion = 16.0.31129.286
MinimumVisualStudioVersion = 10.0.40219.1
Project("{FAE04EC0-301F-11D3-BF4B-00C04F79EFBC}") = "TournamentManager", "TournamentManager\TournamentManager.csproj", "{3C01389D-AEBB-48FE-A793-A0C4785B97FC}"
EndProject
Project("{FAE04EC0-301F-11D3-BF4B-00C04F79EFBC}") = "TournamentManagerUnitTests", "TournamentManagerUnitTests\TournamentManagerUnitTests.csproj", "{1673CFDD-5E98-453A-B4EC-35288C2ABD60}"
EndProject
Global
	GlobalSection(SolutionConfigurationPlatforms) = preSolution
		Debug|Any CPU = Debug|Any CPU
		Release|Any CPU = Release|Any CPU
	EndGlobalSection
	GlobalSection(ProjectConfigurationPlatforms) = postSolution
		{3C01389D-AEBB-48FE-A793-A0C4785B97FC}.Debug|Any CPU.ActiveCfg = Debug|Any CPU
		{3C01389D-AEBB-48FE-A793-A0C4785B97FC}.Debug|Any CPU.Build.0 = Debug|Any CPU
		{3C01389D-AEBB-48FE-A793-A0C4785B97FC}.Release|Any CPU.ActiveCfg = Release|Any CPU
		{3C01389D-AEBB-48FE-A793-A0C4785B97FC}.Release|Any CPU.Build.0 = Release|Any CPU
		{1673CFDD-5E98-453A-B4EC-35288C2ABD60}.Debug|Any CPU.ActiveCfg = Debug|Any CPU
		{1673CFDD-5E98-453A-B4EC-35288C2ABD60}.Debug|Any CPU.Build.0 = Debug|Any CPU
		{1673CFDD-5E98-453A-B4EC-35288C2ABD60}.Release|Any CPU.ActiveCfg = Release|Any CPU
		{1673CFDD-5E98-453A-B4EC-35288C2ABD60}.Release|Any CPU.Build.0 = Release|Any CPU
	EndGlobalSection
	GlobalSection(SolutionProperties) = preSolution
		HideSolutionNode = FALSE
	EndGlobalSection
	GlobalSection(ExtensibilityGlobals) = postSolution
		SolutionGuid = {945D7241-F7EA-4547-9402-AE4B84AAD17D}
	EndGlobalSection
EndGlobal
